{
  "version": 4,
  "terraform_version": "1.5.7",
  "serial": 91,
  "lineage": "d19d0d72-a613-a4d3-5a38-ba52b11594fc",
  "outputs": {},
  "resources": [
    {
      "mode": "managed",
      "type": "yandex_kubernetes_cluster",
      "name": "k8s-main",
      "provider": "provider[\"registry.terraform.io/yandex-cloud/yandex\"]",
      "instances": []
    },
    {
      "mode": "managed",
      "type": "yandex_kubernetes_node_group",
      "name": "k8s-main-ng",
      "provider": "provider[\"registry.terraform.io/yandex-cloud/yandex\"]",
      "instances": []
    },
    {
      "mode": "managed",
      "type": "yandex_vpc_network",
      "name": "network-1",
      "provider": "provider[\"registry.terraform.io/yandex-cloud/yandex\"]",
      "instances": [
        {
          "schema_version": 0,
          "attributes": {
            "created_at": "2024-12-24T10:52:53Z",
            "default_security_group_id": "enpbvatf8bs6462ua5ks",
            "description": "",
            "folder_id": "b1g2mc1nl38o7244uq5s",
            "id": "enpjbhuobnhl5r7d9nn8",
            "labels": {},
            "name": "network-1",
            "subnet_ids": [],
            "timeouts": null
          },
          "sensitive_attributes": [],
          "private": "eyJlMmJmYjczMC1lY2FhLTExZTYtOGY4OC0zNDM2M2JjN2M0YzAiOnsiY3JlYXRlIjo2MDAwMDAwMDAwMCwiZGVsZXRlIjo2MDAwMDAwMDAwMCwidXBkYXRlIjo2MDAwMDAwMDAwMH19"
        }
      ]
    },
    {
      "mode": "managed",
      "type": "yandex_vpc_subnet",
      "name": "subnet-1",
      "provider": "provider[\"registry.terraform.io/yandex-cloud/yandex\"]",
      "instances": [
        {
          "schema_version": 0,
          "attributes": {
            "created_at": "2024-12-24T10:52:56Z",
            "description": "",
            "dhcp_options": [],
            "folder_id": "b1g2mc1nl38o7244uq5s",
            "id": "e2l7c26eqahtl92rgoch",
            "labels": {},
            "name": "subnet-1",
            "network_id": "enpjbhuobnhl5r7d9nn8",
            "route_table_id": "",
            "timeouts": null,
            "v4_cidr_blocks": [
              "192.168.10.0/24"
            ],
            "v6_cidr_blocks": [],
            "zone": "ru-central1-b"
          },
          "sensitive_attributes": [],
          "private": "eyJlMmJmYjczMC1lY2FhLTExZTYtOGY4OC0zNDM2M2JjN2M0YzAiOnsiY3JlYXRlIjoxODAwMDAwMDAwMDAsImRlbGV0ZSI6MTgwMDAwMDAwMDAwLCJ1cGRhdGUiOjE4MDAwMDAwMDAwMH19",
          "dependencies": [
            "yandex_vpc_network.network-1"
          ]
        }
      ]
    }
  ],
  "check_results": null
}
